
Microsoft Visual Studio Solution File, Format Version 12.00
# Visual Studio 2012
Project("{2150E333-8FDC-42A3-9474-1A3956D46DE8}") = "misc", "misc", "{5290ED46-2D97-4B6F-B7F4-5B4BF78AAF67}"
	ProjectSection(SolutionItems) = preProject
		LICENSE = LICENSE
		README.md = README.md
	EndProjectSection
EndProject
Project("{2150E333-8FDC-42A3-9474-1A3956D46DE8}") = "docs", "docs", "{5EFBEB45-DE81-43CD-BCE1-EE49E2C3A9EB}"
	ProjectSection(SolutionItems) = preProject
		docs\poetic.lambda.md = docs\poetic.lambda.md
	EndProjectSection
EndProject
Project("{FAE04EC0-301F-11D3-BF4B-00C04F79EFBC}") = "poetic.lambda", "poetic.lambda\poetic.lambda.csproj", "{A47CA51F-D5BE-4947-B1EB-AB27BBD1FCD7}"
EndProject
Project("{2150E333-8FDC-42A3-9474-1A3956D46DE8}") = "tests", "tests", "{7622897F-24AC-42CA-9CCC-C3A14DE27946}"
EndProject
Project("{FAE04EC0-301F-11D3-BF4B-00C04F79EFBC}") = "poetic.tests", "tests\poetic.tests\poetic.tests.csproj", "{7D8DAD2F-AADF-4030-A88D-3551F77EFA33}"
EndProject
Project("{FAE04EC0-301F-11D3-BF4B-00C04F79EFBC}") = "poetic.lizzie", "poetic.lizzie\poetic.lizzie.csproj", "{9CB1161F-52D9-437F-BB88-D2E65FF193D5}"
EndProject
Global
	GlobalSection(SolutionConfigurationPlatforms) = preSolution
		Debug|Any CPU = Debug|Any CPU
		Release|Any CPU = Release|Any CPU
	EndGlobalSection
	GlobalSection(ProjectConfigurationPlatforms) = postSolution
		{A47CA51F-D5BE-4947-B1EB-AB27BBD1FCD7}.Debug|Any CPU.ActiveCfg = Debug|Any CPU
		{A47CA51F-D5BE-4947-B1EB-AB27BBD1FCD7}.Debug|Any CPU.Build.0 = Debug|Any CPU
		{A47CA51F-D5BE-4947-B1EB-AB27BBD1FCD7}.Release|Any CPU.ActiveCfg = Release|Any CPU
		{A47CA51F-D5BE-4947-B1EB-AB27BBD1FCD7}.Release|Any CPU.Build.0 = Release|Any CPU
		{7D8DAD2F-AADF-4030-A88D-3551F77EFA33}.Debug|Any CPU.ActiveCfg = Debug|Any CPU
		{7D8DAD2F-AADF-4030-A88D-3551F77EFA33}.Debug|Any CPU.Build.0 = Debug|Any CPU
		{7D8DAD2F-AADF-4030-A88D-3551F77EFA33}.Release|Any CPU.ActiveCfg = Release|Any CPU
		{7D8DAD2F-AADF-4030-A88D-3551F77EFA33}.Release|Any CPU.Build.0 = Release|Any CPU
		{9CB1161F-52D9-437F-BB88-D2E65FF193D5}.Debug|Any CPU.ActiveCfg = Debug|Any CPU
		{9CB1161F-52D9-437F-BB88-D2E65FF193D5}.Debug|Any CPU.Build.0 = Debug|Any CPU
		{9CB1161F-52D9-437F-BB88-D2E65FF193D5}.Release|Any CPU.ActiveCfg = Release|Any CPU
		{9CB1161F-52D9-437F-BB88-D2E65FF193D5}.Release|Any CPU.Build.0 = Release|Any CPU
	EndGlobalSection
	GlobalSection(NestedProjects) = preSolution
		{5EFBEB45-DE81-43CD-BCE1-EE49E2C3A9EB} = {5290ED46-2D97-4B6F-B7F4-5B4BF78AAF67}
		{7D8DAD2F-AADF-4030-A88D-3551F77EFA33} = {7622897F-24AC-42CA-9CCC-C3A14DE27946}
	EndGlobalSection
EndGlobal
