
Microsoft Visual Studio Solution File, Format Version 12.00
# Visual Studio 2017
Project("{FAE04EC0-301F-11D3-BF4B-00C04F79EFBC}") = "lizzie", "lizzie.csproj", "{C4BD00EF-A8BE-4122-8475-1421BB261853}"
EndProject
Global
	GlobalSection(SolutionConfigurationPlatforms) = preSolution
		Debug|Any CPU = Debug|Any CPU
		Release|Any CPU = Release|Any CPU
	EndGlobalSection
	GlobalSection(ProjectConfigurationPlatforms) = postSolution
		{C4BD00EF-A8BE-4122-8475-1421BB261853}.Debug|Any CPU.ActiveCfg = Debug|Any CPU
		{C4BD00EF-A8BE-4122-8475-1421BB261853}.Debug|Any CPU.Build.0 = Debug|Any CPU
		{C4BD00EF-A8BE-4122-8475-1421BB261853}.Release|Any CPU.ActiveCfg = Release|Any CPU
		{C4BD00EF-A8BE-4122-8475-1421BB261853}.Release|Any CPU.Build.0 = Release|Any CPU
	EndGlobalSection
EndGlobal
